<?xml version="1.0" encoding="UTF-8" standalone="yes" ?>
<CodeBlocks_project_file>
	<FileVersion major="1" minor="6" />
	<Project>
		<Option title="mysqlhs" />
		<Option pch_mode="2" />
		<Option compiler="gcc" />
		<Build>
			<Target title="Debug">
				<Option output="bin/Debug/mysqlhs" prefix_auto="1" extension_auto="1" />
				<Option object_output="obj/Debug/" />
				<Option type="1" />
				<Option compiler="gcc" />
			</Target>
			<Target title="Release">
				<Option output="bin/Release/mysqlhs" prefix_auto="1" extension_auto="1" />
				<Option object_output="obj/Release/" />
				<Option type="1" />
				<Option compiler="gcc" />
				<Compiler>
					<Add option="-O2" />
				</Compiler>
				<Linker>
					<Add option="-s" />
				</Linker>
			</Target>
		</Build>
		<Compiler>
			<Add option="-std=c++11" />
			<Add option="-Wall" />
			<Add option="-g" />
			<Add option="-fexceptions" />
		</Compiler>
		<Linker>
			<Add option="-lpthread" />
			<Add option="-lboost_system" />
		</Linker>
		<Unit filename="main.cpp" />
		<Unit filename="mysqlhs.hpp" />
		<Unit filename="mysqlhs_connection.cpp" />
		<Unit filename="mysqlhs_index.cpp" />
		<Unit filename="mysqlhs_result.cpp" />
		<Extensions>
			<code_completion />
			<debugger />
		</Extensions>
	</Project>
</CodeBlocks_project_file>
